
Microsoft Visual Studio Solution File, Format Version 12.00
# Visual Studio Version 17
VisualStudioVersion = 17.3.32929.385
MinimumVisualStudioVersion = 10.0.40219.1
Project("{9A19103F-16F7-4668-BE54-9A1E7A4F7556}") = "NetworkDebugger", "NetworkDebugger\NetworkDebugger.csproj", "{609E5F4B-851C-4652-92EC-E0D3AB6DD414}"
EndProject
Global
	GlobalSection(SolutionConfigurationPlatforms) = preSolution
		Debug|Any CPU = Debug|Any CPU
		Release|Any CPU = Release|Any CPU
	EndGlobalSection
	GlobalSection(ProjectConfigurationPlatforms) = postSolution
		{609E5F4B-851C-4652-92EC-E0D3AB6DD414}.Debug|Any CPU.ActiveCfg = Debug|Any CPU
		{609E5F4B-851C-4652-92EC-E0D3AB6DD414}.Debug|Any CPU.Build.0 = Debug|Any CPU
		{609E5F4B-851C-4652-92EC-E0D3AB6DD414}.Release|Any CPU.ActiveCfg = Release|Any CPU
		{609E5F4B-851C-4652-92EC-E0D3AB6DD414}.Release|Any CPU.Build.0 = Release|Any CPU
	EndGlobalSection
	GlobalSection(SolutionProperties) = preSolution
		HideSolutionNode = FALSE
	EndGlobalSection
	GlobalSection(ExtensibilityGlobals) = postSolution
		SolutionGuid = {4A77E5A1-92D2-4B67-91D9-FCC03E617AE1}
	EndGlobalSection
EndGlobal
